// !$*UTF8*$!
{
	archiveVersion = 1;
	classes = {
	};
	objectVersion = 51;
	objects = {

/* Begin PBXBuildFile section */
		3B4BD23A25064BBB0000C904 /* UIView.swift in Sources */ = {isa = PBXBuildFile; fileRef = 3B4BD23925064BBB0000C904 /* UIView.swift */; };
		3B4BD23C250685D00000C904 /* MapController.swift in Sources */ = {isa = PBXBuildFile; fileRef = 3B4BD23B250685D00000C904 /* MapController.swift */; };
		3B4BD23E2506F1490000C904 /* mapStyle.json in Resources */ = {isa = PBXBuildFile; fileRef = 3B4BD23D2506F1480000C904 /* mapStyle.json */; };
		3B4BD2402506F2FA0000C904 /* MapPresenter.swift in Sources */ = {isa = PBXBuildFile; fileRef = 3B4BD23F2506F2FA0000C904 /* MapPresenter.swift */; };
		3B4BD242250708C60000C904 /* UIViewController.swift in Sources */ = {isa = PBXBuildFile; fileRef = 3B4BD241250708C60000C904 /* UIViewController.swift */; };
		3B4BD24625070DEA0000C904 /* FCsController.swift in Sources */ = {isa = PBXBuildFile; fileRef = 3B4BD24525070DEA0000C904 /* FCsController.swift */; };
		3B4BD24825079B950000C904 /* EmailController.swift in Sources */ = {isa = PBXBuildFile; fileRef = 3B4BD24725079B950000C904 /* EmailController.swift */; };
		3B4BD24A25079BDF0000C904 /* PasswordController.swift in Sources */ = {isa = PBXBuildFile; fileRef = 3B4BD24925079BDF0000C904 /* PasswordController.swift */; };
		3B4BD2512507A25A0000C904 /* AutorizationViewModel.swift in Sources */ = {isa = PBXBuildFile; fileRef = 3B4BD2502507A25A0000C904 /* AutorizationViewModel.swift */; };
		3B4BD2532507A5DF0000C904 /* String.swift in Sources */ = {isa = PBXBuildFile; fileRef = 3B4BD2522507A5DF0000C904 /* String.swift */; };
		3B71F12624FD0EC5003454C0 /* AppDelegate.swift in Sources */ = {isa = PBXBuildFile; fileRef = 3B71F12524FD0EC5003454C0 /* AppDelegate.swift */; };
		3B71F12824FD0EC5003454C0 /* SceneDelegate.swift in Sources */ = {isa = PBXBuildFile; fileRef = 3B71F12724FD0EC5003454C0 /* SceneDelegate.swift */; };
		3B71F12D24FD0EC5003454C0 /* Main.storyboard in Resources */ = {isa = PBXBuildFile; fileRef = 3B71F12B24FD0EC5003454C0 /* Main.storyboard */; };
		3B71F12F24FD0EC9003454C0 /* Assets.xcassets in Resources */ = {isa = PBXBuildFile; fileRef = 3B71F12E24FD0EC9003454C0 /* Assets.xcassets */; };
		3B71F13224FD0EC9003454C0 /* LaunchScreen.storyboard in Resources */ = {isa = PBXBuildFile; fileRef = 3B71F13024FD0EC9003454C0 /* LaunchScreen.storyboard */; };
		3B8F429724FD945F003BE419 /* TextField.swift in Sources */ = {isa = PBXBuildFile; fileRef = 3B8F429624FD945F003BE419 /* TextField.swift */; };
		3BB64E272508152C00E8B77C /* AutorizationPresenter.swift in Sources */ = {isa = PBXBuildFile; fileRef = 3BB64E262508152C00E8B77C /* AutorizationPresenter.swift */; };
		D30CA3D82500A00B24CD786E /* Pods_InterfaceBuiderMapTestApp.framework in Frameworks */ = {isa = PBXBuildFile; fileRef = D9113A3D1DBB179CF5BDFD66 /* Pods_InterfaceBuiderMapTestApp.framework */; };
/* End PBXBuildFile section */

/* Begin PBXFileReference section */
		1C7535FBBE1C2090F904482A /* Pods-InterfaceBuiderMapTestApp.debug.xcconfig */ = {isa = PBXFileReference; includeInIndex = 1; lastKnownFileType = text.xcconfig; name = "Pods-InterfaceBuiderMapTestApp.debug.xcconfig"; path = "Target Support Files/Pods-InterfaceBuiderMapTestApp/Pods-InterfaceBuiderMapTestApp.debug.xcconfig"; sourceTree = "<group>"; };
		3B4BD23925064BBB0000C904 /* UIView.swift */ = {isa = PBXFileReference; lastKnownFileType = sourcecode.swift; path = UIView.swift; sourceTree = "<group>"; };
		3B4BD23B250685D00000C904 /* MapController.swift */ = {isa = PBXFileReference; lastKnownFileType = sourcecode.swift; path = MapController.swift; sourceTree = "<group>"; };
		3B4BD23D2506F1480000C904 /* mapStyle.json */ = {isa = PBXFileReference; lastKnownFileType = text.json; path = mapStyle.json; sourceTree = "<group>"; };
		3B4BD23F2506F2FA0000C904 /* MapPresenter.swift */ = {isa = PBXFileReference; lastKnownFileType = sourcecode.swift; path = MapPresenter.swift; sourceTree = "<group>"; };
		3B4BD241250708C60000C904 /* UIViewController.swift */ = {isa = PBXFileReference; lastKnownFileType = sourcecode.swift; path = UIViewController.swift; sourceTree = "<group>"; };
		3B4BD24525070DEA0000C904 /* FCsController.swift */ = {isa = PBXFileReference; lastKnownFileType = sourcecode.swift; path = FCsController.swift; sourceTree = "<group>"; };
		3B4BD24725079B950000C904 /* EmailController.swift */ = {isa = PBXFileReference; lastKnownFileType = sourcecode.swift; path = EmailController.swift; sourceTree = "<group>"; };
		3B4BD24925079BDF0000C904 /* PasswordController.swift */ = {isa = PBXFileReference; lastKnownFileType = sourcecode.swift; path = PasswordController.swift; sourceTree = "<group>"; };
		3B4BD2502507A25A0000C904 /* AutorizationViewModel.swift */ = {isa = PBXFileReference; lastKnownFileType = sourcecode.swift; path = AutorizationViewModel.swift; sourceTree = "<group>"; };
		3B4BD2522507A5DF0000C904 /* String.swift */ = {isa = PBXFileReference; lastKnownFileType = sourcecode.swift; path = String.swift; sourceTree = "<group>"; };
		3B71F12224FD0EC5003454C0 /* InterfaceBuiderMapTestApp.app */ = {isa = PBXFileReference; explicitFileType = wrapper.application; includeInIndex = 0; path = InterfaceBuiderMapTestApp.app; sourceTree = BUILT_PRODUCTS_DIR; };
		3B71F12524FD0EC5003454C0 /* AppDelegate.swift */ = {isa = PBXFileReference; lastKnownFileType = sourcecode.swift; path = AppDelegate.swift; sourceTree = "<group>"; };
		3B71F12724FD0EC5003454C0 /* SceneDelegate.swift */ = {isa = PBXFileReference; lastKnownFileType = sourcecode.swift; path = SceneDelegate.swift; sourceTree = "<group>"; };
		3B71F12C24FD0EC5003454C0 /* Base */ = {isa = PBXFileReference; lastKnownFileType = file.storyboard; name = Base; path = Base.lproj/Main.storyboard; sourceTree = "<group>"; };
		3B71F12E24FD0EC9003454C0 /* Assets.xcassets */ = {isa = PBXFileReference; lastKnownFileType = folder.assetcatalog; path = Assets.xcassets; sourceTree = "<group>"; };
		3B71F13124FD0EC9003454C0 /* Base */ = {isa = PBXFileReference; lastKnownFileType = file.storyboard; name = Base; path = Base.lproj/LaunchScreen.storyboard; sourceTree = "<group>"; };
		3B71F13324FD0EC9003454C0 /* Info.plist */ = {isa = PBXFileReference; lastKnownFileType = text.plist.xml; path = Info.plist; sourceTree = "<group>"; };
		3B8F429624FD945F003BE419 /* TextField.swift */ = {isa = PBXFileReference; lastKnownFileType = sourcecode.swift; path = TextField.swift; sourceTree = "<group>"; };
		3BB64E262508152C00E8B77C /* AutorizationPresenter.swift */ = {isa = PBXFileReference; lastKnownFileType = sourcecode.swift; path = AutorizationPresenter.swift; sourceTree = "<group>"; };
		CB27D0DE72FBD2BCF3995BA3 /* Pods-InterfaceBuiderMapTestApp.release.xcconfig */ = {isa = PBXFileReference; includeInIndex = 1; lastKnownFileType = text.xcconfig; name = "Pods-InterfaceBuiderMapTestApp.release.xcconfig"; path = "Target Support Files/Pods-InterfaceBuiderMapTestApp/Pods-InterfaceBuiderMapTestApp.release.xcconfig"; sourceTree = "<group>"; };
		D9113A3D1DBB179CF5BDFD66 /* Pods_InterfaceBuiderMapTestApp.framework */ = {isa = PBXFileReference; explicitFileType = wrapper.framework; includeInIndex = 0; path = Pods_InterfaceBuiderMapTestApp.framework; sourceTree = BUILT_PRODUCTS_DIR; };
/* End PBXFileReference section */

/* Begin PBXFrameworksBuildPhase section */
		3B71F11F24FD0EC5003454C0 /* Frameworks */ = {
			isa = PBXFrameworksBuildPhase;
			buildActionMask = 2147483647;
			files = (
				D30CA3D82500A00B24CD786E /* Pods_InterfaceBuiderMapTestApp.framework in Frameworks */,
			);
			runOnlyForDeploymentPostprocessing = 0;
		};
/* End PBXFrameworksBuildPhase section */

/* Begin PBXGroup section */
		3B4BD24B2507A10F0000C904 /* Controllers */ = {
			isa = PBXGroup;
			children = (
				3B4BD24925079BDF0000C904 /* PasswordController.swift */,
				3B4BD24725079B950000C904 /* EmailController.swift */,
				3B4BD24525070DEA0000C904 /* FCsController.swift */,
				3B4BD23B250685D00000C904 /* MapController.swift */,
			);
			path = Controllers;
			sourceTree = "<group>";
		};
		3B4BD24C2507A12C0000C904 /* Extensions */ = {
			isa = PBXGroup;
			children = (
				3B4BD23925064BBB0000C904 /* UIView.swift */,
				3B4BD241250708C60000C904 /* UIViewController.swift */,
				3B4BD2522507A5DF0000C904 /* String.swift */,
			);
			path = Extensions;
			sourceTree = "<group>";
		};
		3B4BD24D2507A16A0000C904 /* Resources */ = {
			isa = PBXGroup;
			children = (
				3B4BD23D2506F1480000C904 /* mapStyle.json */,
				3B71F12E24FD0EC9003454C0 /* Assets.xcassets */,
			);
			path = Resources;
			sourceTree = "<group>";
		};
		3B4BD24E2507A1A60000C904 /* Components */ = {
			isa = PBXGroup;
			children = (
				3B8F429624FD945F003BE419 /* TextField.swift */,
			);
			path = Components;
			sourceTree = "<group>";
		};
		3B4BD24F2507A2340000C904 /* BusinessLogic */ = {
			isa = PBXGroup;
			children = (
				3B4BD23F2506F2FA0000C904 /* MapPresenter.swift */,
				3B4BD2502507A25A0000C904 /* AutorizationViewModel.swift */,
				3BB64E262508152C00E8B77C /* AutorizationPresenter.swift */,
			);
			path = BusinessLogic;
			sourceTree = "<group>";
		};
		3B71F11924FD0EC4003454C0 = {
			isa = PBXGroup;
			children = (
				3B71F12424FD0EC5003454C0 /* InterfaceBuiderMapTestApp */,
				3B71F12324FD0EC5003454C0 /* Products */,
				A97AF213A2E29235247FE5BB /* Pods */,
				9D7AC3E480CC9747DBFA1535 /* Frameworks */,
			);
			sourceTree = "<group>";
		};
		3B71F12324FD0EC5003454C0 /* Products */ = {
			isa = PBXGroup;
			children = (
				3B71F12224FD0EC5003454C0 /* InterfaceBuiderMapTestApp.app */,
			);
			name = Products;
			sourceTree = "<group>";
		};
		3B71F12424FD0EC5003454C0 /* InterfaceBuiderMapTestApp */ = {
			isa = PBXGroup;
			children = (
				3B4BD24F2507A2340000C904 /* BusinessLogic */,
				3B4BD24E2507A1A60000C904 /* Components */,
				3B4BD24D2507A16A0000C904 /* Resources */,
				3B4BD24C2507A12C0000C904 /* Extensions */,
				3B4BD24B2507A10F0000C904 /* Controllers */,
				3B71F12524FD0EC5003454C0 /* AppDelegate.swift */,
				3B71F12724FD0EC5003454C0 /* SceneDelegate.swift */,
				3B71F12B24FD0EC5003454C0 /* Main.storyboard */,
				3B71F13024FD0EC9003454C0 /* LaunchScreen.storyboard */,
				3B71F13324FD0EC9003454C0 /* Info.plist */,
			);
			path = InterfaceBuiderMapTestApp;
			sourceTree = "<group>";
		};
		9D7AC3E480CC9747DBFA1535 /* Frameworks */ = {
			isa = PBXGroup;
			children = (
				D9113A3D1DBB179CF5BDFD66 /* Pods_InterfaceBuiderMapTestApp.framework */,
			);
			name = Frameworks;
			sourceTree = "<group>";
		};
		A97AF213A2E29235247FE5BB /* Pods */ = {
			isa = PBXGroup;
			children = (
				1C7535FBBE1C2090F904482A /* Pods-InterfaceBuiderMapTestApp.debug.xcconfig */,
				CB27D0DE72FBD2BCF3995BA3 /* Pods-InterfaceBuiderMapTestApp.release.xcconfig */,
			);
			path = Pods;
			sourceTree = "<group>";
		};
/* End PBXGroup section */

/* Begin PBXNativeTarget section */
		3B71F12124FD0EC5003454C0 /* InterfaceBuiderMapTestApp */ = {
			isa = PBXNativeTarget;
			buildConfigurationList = 3B71F13624FD0EC9003454C0 /* Build configuration list for PBXNativeTarget "InterfaceBuiderMapTestApp" */;
			buildPhases = (
				3015EF5D9EF91D41A84E4CA4 /* [CP] Check Pods Manifest.lock */,
				3B71F11E24FD0EC5003454C0 /* Sources */,
				3B71F11F24FD0EC5003454C0 /* Frameworks */,
				3B71F12024FD0EC5003454C0 /* Resources */,
				32AD6DAC2DE655A2B71CA9A0 /* [CP] Embed Pods Frameworks */,
				6DFCE2D6E27A42A19FFBA7CD /* [CP] Copy Pods Resources */,
			);
			buildRules = (
			);
			dependencies = (
			);
			name = InterfaceBuiderMapTestApp;
			productName = InterfaceBuiderMapTestApp;
			productReference = 3B71F12224FD0EC5003454C0 /* InterfaceBuiderMapTestApp.app */;
			productType = "com.apple.product-type.application";
		};
/* End PBXNativeTarget section */

/* Begin PBXProject section */
		3B71F11A24FD0EC4003454C0 /* Project object */ = {
			isa = PBXProject;
			attributes = {
				LastSwiftUpdateCheck = 1160;
				LastUpgradeCheck = 1160;
				ORGANIZATIONNAME = "Artem Golovanev";
				TargetAttributes = {
					3B71F12124FD0EC5003454C0 = {
						CreatedOnToolsVersion = 11.6;
					};
				};
			};
			buildConfigurationList = 3B71F11D24FD0EC4003454C0 /* Build configuration list for PBXProject "InterfaceBuiderMapTestApp" */;
			compatibilityVersion = "Xcode 9.3";
			developmentRegion = en;
			hasScannedForEncodings = 0;
			knownRegions = (
				en,
				Base,
			);
			mainGroup = 3B71F11924FD0EC4003454C0;
			productRefGroup = 3B71F12324FD0EC5003454C0 /* Products */;
			projectDirPath = "";
			projectRoot = "";
			targets = (
				3B71F12124FD0EC5003454C0 /* InterfaceBuiderMapTestApp */,
			);
		};
/* End PBXProject section */

/* Begin PBXResourcesBuildPhase section */
		3B71F12024FD0EC5003454C0 /* Resources */ = {
			isa = PBXResourcesBuildPhase;
			buildActionMask = 2147483647;
			files = (
				3B4BD23E2506F1490000C904 /* mapStyle.json in Resources */,
				3B71F13224FD0EC9003454C0 /* LaunchScreen.storyboard in Resources */,
				3B71F12F24FD0EC9003454C0 /* Assets.xcassets in Resources */,
				3B71F12D24FD0EC5003454C0 /* Main.storyboard in Resources */,
			);
			runOnlyForDeploymentPostprocessing = 0;
		};
/* End PBXResourcesBuildPhase section */

/* Begin PBXShellScriptBuildPhase section */
		3015EF5D9EF91D41A84E4CA4 /* [CP] Check Pods Manifest.lock */ = {
			isa = PBXShellScriptBuildPhase;
			buildActionMask = 2147483647;
			files = (
			);
			inputFileListPaths = (
			);
			inputPaths = (
				"${PODS_PODFILE_DIR_PATH}/Podfile.lock",
				"${PODS_ROOT}/Manifest.lock",
			);
			name = "[CP] Check Pods Manifest.lock";
			outputFileListPaths = (
			);
			outputPaths = (
				"$(DERIVED_FILE_DIR)/Pods-InterfaceBuiderMapTestApp-checkManifestLockResult.txt",
			);
			runOnlyForDeploymentPostprocessing = 0;
			shellPath = /bin/sh;
			shellScript = "diff \"${PODS_PODFILE_DIR_PATH}/Podfile.lock\" \"${PODS_ROOT}/Manifest.lock\" > /dev/null\nif [ $? != 0 ] ; then\n    # print error to STDERR\n    echo \"error: The sandbox is not in sync with the Podfile.lock. Run 'pod install' or update your CocoaPods installation.\" >&2\n    exit 1\nfi\n# This output is used by Xcode 'outputs' to avoid re-running this script phase.\necho \"SUCCESS\" > \"${SCRIPT_OUTPUT_FILE_0}\"\n";
			showEnvVarsInLog = 0;
		};
		32AD6DAC2DE655A2B71CA9A0 /* [CP] Embed Pods Frameworks */ = {
			isa = PBXShellScriptBuildPhase;
			buildActionMask = 2147483647;
			files = (
			);
			inputFileListPaths = (
				"${PODS_ROOT}/Target Support Files/Pods-InterfaceBuiderMapTestApp/Pods-InterfaceBuiderMapTestApp-frameworks-${CONFIGURATION}-input-files.xcfilelist",
			);
			name = "[CP] Embed Pods Frameworks";
			outputFileListPaths = (
				"${PODS_ROOT}/Target Support Files/Pods-InterfaceBuiderMapTestApp/Pods-InterfaceBuiderMapTestApp-frameworks-${CONFIGURATION}-output-files.xcfilelist",
			);
			runOnlyForDeploymentPostprocessing = 0;
			shellPath = /bin/sh;
			shellScript = "\"${PODS_ROOT}/Target Support Files/Pods-InterfaceBuiderMapTestApp/Pods-InterfaceBuiderMapTestApp-frameworks.sh\"\n";
			showEnvVarsInLog = 0;
		};
		6DFCE2D6E27A42A19FFBA7CD /* [CP] Copy Pods Resources */ = {
			isa = PBXShellScriptBuildPhase;
			buildActionMask = 2147483647;
			files = (
			);
			inputFileListPaths = (
				"${PODS_ROOT}/Target Support Files/Pods-InterfaceBuiderMapTestApp/Pods-InterfaceBuiderMapTestApp-resources-${CONFIGURATION}-input-files.xcfilelist",
			);
			name = "[CP] Copy Pods Resources";
			outputFileListPaths = (
				"${PODS_ROOT}/Target Support Files/Pods-InterfaceBuiderMapTestApp/Pods-InterfaceBuiderMapTestApp-resources-${CONFIGURATION}-output-files.xcfilelist",
			);
			runOnlyForDeploymentPostprocessing = 0;
			shellPath = /bin/sh;
			shellScript = "\"${PODS_ROOT}/Target Support Files/Pods-InterfaceBuiderMapTestApp/Pods-InterfaceBuiderMapTestApp-resources.sh\"\n";
			showEnvVarsInLog = 0;
		};
/* End PBXShellScriptBuildPhase section */

/* Begin PBXSourcesBuildPhase section */
		3B71F11E24FD0EC5003454C0 /* Sources */ = {
			isa = PBXSourcesBuildPhase;
			buildActionMask = 2147483647;
			files = (
				3B4BD242250708C60000C904 /* UIViewController.swift in Sources */,
				3B71F12624FD0EC5003454C0 /* AppDelegate.swift in Sources */,
				3B71F12824FD0EC5003454C0 /* SceneDelegate.swift in Sources */,
				3B4BD2512507A25A0000C904 /* AutorizationViewModel.swift in Sources */,
				3B8F429724FD945F003BE419 /* TextField.swift in Sources */,
				3B4BD23A25064BBB0000C904 /* UIView.swift in Sources */,
				3B4BD2532507A5DF0000C904 /* String.swift in Sources */,
				3B4BD24825079B950000C904 /* EmailController.swift in Sources */,
				3BB64E272508152C00E8B77C /* AutorizationPresenter.swift in Sources */,
				3B4BD23C250685D00000C904 /* MapController.swift in Sources */,
				3B4BD24625070DEA0000C904 /* FCsController.swift in Sources */,
				3B4BD24A25079BDF0000C904 /* PasswordController.swift in Sources */,
				3B4BD2402506F2FA0000C904 /* MapPresenter.swift in Sources */,
			);
			runOnlyForDeploymentPostprocessing = 0;
		};
/* End PBXSourcesBuildPhase section */

/* Begin PBXVariantGroup section */
		3B71F12B24FD0EC5003454C0 /* Main.storyboard */ = {
			isa = PBXVariantGroup;
			children = (
				3B71F12C24FD0EC5003454C0 /* Base */,
			);
			name = Main.storyboard;
			sourceTree = "<group>";
		};
		3B71F13024FD0EC9003454C0 /* LaunchScreen.storyboard */ = {
			isa = PBXVariantGroup;
			children = (
				3B71F13124FD0EC9003454C0 /* Base */,
			);
			name = LaunchScreen.storyboard;
			sourceTree = "<group>";
		};
/* End PBXVariantGroup section */

/* Begin XCBuildConfiguration section */
		3B71F13424FD0EC9003454C0 /* Debug */ = {
			isa = XCBuildConfiguration;
			buildSettings = {
				ALWAYS_SEARCH_USER_PATHS = NO;
				CLANG_ANALYZER_NONNULL = YES;
				CLANG_ANALYZER_NUMBER_OBJECT_CONVERSION = YES_AGGRESSIVE;
				CLANG_CXX_LANGUAGE_STANDARD = "gnu++14";
				CLANG_CXX_LIBRARY = "libc++";
				CLANG_ENABLE_MODULES = YES;
				CLANG_ENABLE_OBJC_ARC = YES;
				CLANG_ENABLE_OBJC_WEAK = YES;
				CLANG_WARN_BLOCK_CAPTURE_AUTORELEASING = YES;
				CLANG_WARN_BOOL_CONVERSION = YES;
				CLANG_WARN_COMMA = YES;
				CLANG_WARN_CONSTANT_CONVERSION = YES;
				CLANG_WARN_DEPRECATED_OBJC_IMPLEMENTATIONS = YES;
				CLANG_WARN_DIRECT_OBJC_ISA_USAGE = YES_ERROR;
				CLANG_WARN_DOCUMENTATION_COMMENTS = YES;
				CLANG_WARN_EMPTY_BODY = YES;
				CLANG_WARN_ENUM_CONVERSION = YES;
				CLANG_WARN_INFINITE_RECURSION = YES;
				CLANG_WARN_INT_CONVERSION = YES;
				CLANG_WARN_NON_LITERAL_NULL_CONVERSION = YES;
				CLANG_WARN_OBJC_IMPLICIT_RETAIN_SELF = YES;
				CLANG_WARN_OBJC_LITERAL_CONVERSION = YES;
				CLANG_WARN_OBJC_ROOT_CLASS = YES_ERROR;
				CLANG_WARN_RANGE_LOOP_ANALYSIS = YES;
				CLANG_WARN_STRICT_PROTOTYPES = YES;
				CLANG_WARN_SUSPICIOUS_MOVE = YES;
				CLANG_WARN_UNGUARDED_AVAILABILITY = YES_AGGRESSIVE;
				CLANG_WARN_UNREACHABLE_CODE = YES;
				CLANG_WARN__DUPLICATE_METHOD_MATCH = YES;
				COPY_PHASE_STRIP = NO;
				DEBUG_INFORMATION_FORMAT = dwarf;
				ENABLE_STRICT_OBJC_MSGSEND = YES;
				ENABLE_TESTABILITY = YES;
				GCC_C_LANGUAGE_STANDARD = gnu11;
				GCC_DYNAMIC_NO_PIC = NO;
				GCC_NO_COMMON_BLOCKS = YES;
				GCC_OPTIMIZATION_LEVEL = 0;
				GCC_PREPROCESSOR_DEFINITIONS = (
					"DEBUG=1",
					"$(inherited)",
				);
				GCC_WARN_64_TO_32_BIT_CONVERSION = YES;
				GCC_WARN_ABOUT_RETURN_TYPE = YES_ERROR;
				GCC_WARN_UNDECLARED_SELECTOR = YES;
				GCC_WARN_UNINITIALIZED_AUTOS = YES_AGGRESSIVE;
				GCC_WARN_UNUSED_FUNCTION = YES;
				GCC_WARN_UNUSED_VARIABLE = YES;
				IPHONEOS_DEPLOYMENT_TARGET = 13.6;
				MTL_ENABLE_DEBUG_INFO = INCLUDE_SOURCE;
				MTL_FAST_MATH = YES;
				ONLY_ACTIVE_ARCH = YES;
				SDKROOT = iphoneos;
				SWIFT_ACTIVE_COMPILATION_CONDITIONS = DEBUG;
				SWIFT_OPTIMIZATION_LEVEL = "-Onone";
			};
			name = Debug;
		};
		3B71F13524FD0EC9003454C0 /* Release */ = {
			isa = XCBuildConfiguration;
			buildSettings = {
				ALWAYS_SEARCH_USER_PATHS = NO;
				CLANG_ANALYZER_NONNULL = YES;
				CLANG_ANALYZER_NUMBER_OBJECT_CONVERSION = YES_AGGRESSIVE;
				CLANG_CXX_LANGUAGE_STANDARD = "gnu++14";
				CLANG_CXX_LIBRARY = "libc++";
				CLANG_ENABLE_MODULES = YES;
				CLANG_ENABLE_OBJC_ARC = YES;
				CLANG_ENABLE_OBJC_WEAK = YES;
				CLANG_WARN_BLOCK_CAPTURE_AUTORELEASING = YES;
				CLANG_WARN_BOOL_CONVERSION = YES;
				CLANG_WARN_COMMA = YES;
				CLANG_WARN_CONSTANT_CONVERSION = YES;
				CLANG_WARN_DEPRECATED_OBJC_IMPLEMENTATIONS = YES;
				CLANG_WARN_DIRECT_OBJC_ISA_USAGE = YES_ERROR;
				CLANG_WARN_DOCUMENTATION_COMMENTS = YES;
				CLANG_WARN_EMPTY_BODY = YES;
				CLANG_WARN_ENUM_CONVERSION = YES;
				CLANG_WARN_INFINITE_RECURSION = YES;
				CLANG_WARN_INT_CONVERSION = YES;
				CLANG_WARN_NON_LITERAL_NULL_CONVERSION = YES;
				CLANG_WARN_OBJC_IMPLICIT_RETAIN_SELF = YES;
				CLANG_WARN_OBJC_LITERAL_CONVERSION = YES;
				CLANG_WARN_OBJC_ROOT_CLASS = YES_ERROR;
				CLANG_WARN_RANGE_LOOP_ANALYSIS = YES;
				CLANG_WARN_STRICT_PROTOTYPES = YES;
				CLANG_WARN_SUSPICIOUS_MOVE = YES;
				CLANG_WARN_UNGUARDED_AVAILABILITY = YES_AGGRESSIVE;
				CLANG_WARN_UNREACHABLE_CODE = YES;
				CLANG_WARN__DUPLICATE_METHOD_MATCH = YES;
				COPY_PHASE_STRIP = NO;
				DEBUG_INFORMATION_FORMAT = "dwarf-with-dsym";
				ENABLE_NS_ASSERTIONS = NO;
				ENABLE_STRICT_OBJC_MSGSEND = YES;
				GCC_C_LANGUAGE_STANDARD = gnu11;
				GCC_NO_COMMON_BLOCKS = YES;
				GCC_WARN_64_TO_32_BIT_CONVERSION = YES;
				GCC_WARN_ABOUT_RETURN_TYPE = YES_ERROR;
				GCC_WARN_UNDECLARED_SELECTOR = YES;
				GCC_WARN_UNINITIALIZED_AUTOS = YES_AGGRESSIVE;
				GCC_WARN_UNUSED_FUNCTION = YES;
				GCC_WARN_UNUSED_VARIABLE = YES;
				IPHONEOS_DEPLOYMENT_TARGET = 13.6;
				MTL_ENABLE_DEBUG_INFO = NO;
				MTL_FAST_MATH = YES;
				SDKROOT = iphoneos;
				SWIFT_COMPILATION_MODE = wholemodule;
				SWIFT_OPTIMIZATION_LEVEL = "-O";
				VALIDATE_PRODUCT = YES;
			};
			name = Release;
		};
		3B71F13724FD0EC9003454C0 /* Debug */ = {
			isa = XCBuildConfiguration;
			baseConfigurationReference = 1C7535FBBE1C2090F904482A /* Pods-InterfaceBuiderMapTestApp.debug.xcconfig */;
			buildSettings = {
				ASSETCATALOG_COMPILER_APPICON_NAME = AppIcon;
				CODE_SIGN_STYLE = Automatic;
				DEVELOPMENT_TEAM = 8474UDANMR;
				INFOPLIST_FILE = InterfaceBuiderMapTestApp/Info.plist;
				LD_RUNPATH_SEARCH_PATHS = (
					"$(inherited)",
					"@executable_path/Frameworks",
				);
				PRODUCT_BUNDLE_IDENTIFIER = com.antybred.InterfaceBuiderMapTestApp;
				PRODUCT_NAME = "$(TARGET_NAME)";
				SWIFT_VERSION = 5.0;
				TARGETED_DEVICE_FAMILY = 1;
			};
			name = Debug;
		};
		3B71F13824FD0EC9003454C0 /* Release */ = {
			isa = XCBuildConfiguration;
			baseConfigurationReference = CB27D0DE72FBD2BCF3995BA3 /* Pods-InterfaceBuiderMapTestApp.release.xcconfig */;
			buildSettings = {
				ASSETCATALOG_COMPILER_APPICON_NAME = AppIcon;
				CODE_SIGN_STYLE = Automatic;
				DEVELOPMENT_TEAM = 8474UDANMR;
				INFOPLIST_FILE = InterfaceBuiderMapTestApp/Info.plist;
				LD_RUNPATH_SEARCH_PATHS = (
					"$(inherited)",
					"@executable_path/Frameworks",
				);
				PRODUCT_BUNDLE_IDENTIFIER = com.antybred.InterfaceBuiderMapTestApp;
				PRODUCT_NAME = "$(TARGET_NAME)";
				SWIFT_VERSION = 5.0;
				TARGETED_DEVICE_FAMILY = 1;
			};
			name = Release;
		};
/* End XCBuildConfiguration section */

/* Begin XCConfigurationList section */
		3B71F11D24FD0EC4003454C0 /* Build configuration list for PBXProject "InterfaceBuiderMapTestApp" */ = {
			isa = XCConfigurationList;
			buildConfigurations = (
				3B71F13424FD0EC9003454C0 /* Debug */,
				3B71F13524FD0EC9003454C0 /* Release */,
			);
			defaultConfigurationIsVisible = 0;
			defaultConfigurationName = Release;
		};
		3B71F13624FD0EC9003454C0 /* Build configuration list for PBXNativeTarget "InterfaceBuiderMapTestApp" */ = {
			isa = XCConfigurationList;
			buildConfigurations = (
				3B71F13724FD0EC9003454C0 /* Debug */,
				3B71F13824FD0EC9003454C0 /* Release */,
			);
			defaultConfigurationIsVisible = 0;
			defaultConfigurationName = Release;
		};
/* End XCConfigurationList section */
	};
	rootObject = 3B71F11A24FD0EC4003454C0 /* Project object */;
}
